
Microsoft Visual Studio Solution File, Format Version 12.00
# Visual Studio Version 17
VisualStudioVersion = 17.7.34031.279
MinimumVisualStudioVersion = 10.0.40219.1
Project("{FAE04EC0-301F-11D3-BF4B-00C04F79EFBC}") = "HomeWork9(1)", "HomeWork9(1)\HomeWork9(1).csproj", "{FF640CFA-6442-4C59-B56F-67E3A6D9B39E}"
EndProject
Project("{FAE04EC0-301F-11D3-BF4B-00C04F79EFBC}") = "HomeWork9(2)", "HomeWork9(2)\HomeWork9(2).csproj", "{BFB66175-FB6B-47BF-B463-823C573DB82E}"
EndProject
Global
	GlobalSection(SolutionConfigurationPlatforms) = preSolution
		Debug|Any CPU = Debug|Any CPU
		Release|Any CPU = Release|Any CPU
	EndGlobalSection
	GlobalSection(ProjectConfigurationPlatforms) = postSolution
		{FF640CFA-6442-4C59-B56F-67E3A6D9B39E}.Debug|Any CPU.ActiveCfg = Debug|Any CPU
		{FF640CFA-6442-4C59-B56F-67E3A6D9B39E}.Debug|Any CPU.Build.0 = Debug|Any CPU
		{FF640CFA-6442-4C59-B56F-67E3A6D9B39E}.Release|Any CPU.ActiveCfg = Release|Any CPU
		{FF640CFA-6442-4C59-B56F-67E3A6D9B39E}.Release|Any CPU.Build.0 = Release|Any CPU
		{BFB66175-FB6B-47BF-B463-823C573DB82E}.Debug|Any CPU.ActiveCfg = Debug|Any CPU
		{BFB66175-FB6B-47BF-B463-823C573DB82E}.Debug|Any CPU.Build.0 = Debug|Any CPU
		{BFB66175-FB6B-47BF-B463-823C573DB82E}.Release|Any CPU.ActiveCfg = Release|Any CPU
		{BFB66175-FB6B-47BF-B463-823C573DB82E}.Release|Any CPU.Build.0 = Release|Any CPU
	EndGlobalSection
	GlobalSection(SolutionProperties) = preSolution
		HideSolutionNode = FALSE
	EndGlobalSection
	GlobalSection(ExtensibilityGlobals) = postSolution
		SolutionGuid = {95770D2F-51D2-451F-AE96-5B9A33B0C04D}
	EndGlobalSection
EndGlobal
